
Microsoft Visual Studio Solution File, Format Version 12.00
# Visual Studio Version 17
VisualStudioVersion = 17.0.32112.339
MinimumVisualStudioVersion = 10.0.40219.1
Project("{FAE04EC0-301F-11D3-BF4B-00C04F79EFBC}") = "Klient", "Klient\Klient.csproj", "{3267CBCD-3A3F-4603-A8DF-6ED1DAA4FA87}"
EndProject
Project("{FAE04EC0-301F-11D3-BF4B-00C04F79EFBC}") = "Pracownik", "Pracownik\Pracownik.csproj", "{153F18A6-2885-42C0-BB1E-C90E6760FBC8}"
EndProject
Global
	GlobalSection(SolutionConfigurationPlatforms) = preSolution
		Debug|Any CPU = Debug|Any CPU
		Release|Any CPU = Release|Any CPU
	EndGlobalSection
	GlobalSection(ProjectConfigurationPlatforms) = postSolution
		{3267CBCD-3A3F-4603-A8DF-6ED1DAA4FA87}.Debug|Any CPU.ActiveCfg = Debug|Any CPU
		{3267CBCD-3A3F-4603-A8DF-6ED1DAA4FA87}.Debug|Any CPU.Build.0 = Debug|Any CPU
		{3267CBCD-3A3F-4603-A8DF-6ED1DAA4FA87}.Release|Any CPU.ActiveCfg = Release|Any CPU
		{3267CBCD-3A3F-4603-A8DF-6ED1DAA4FA87}.Release|Any CPU.Build.0 = Release|Any CPU
		{153F18A6-2885-42C0-BB1E-C90E6760FBC8}.Debug|Any CPU.ActiveCfg = Debug|Any CPU
		{153F18A6-2885-42C0-BB1E-C90E6760FBC8}.Debug|Any CPU.Build.0 = Debug|Any CPU
		{153F18A6-2885-42C0-BB1E-C90E6760FBC8}.Release|Any CPU.ActiveCfg = Release|Any CPU
		{153F18A6-2885-42C0-BB1E-C90E6760FBC8}.Release|Any CPU.Build.0 = Release|Any CPU
	EndGlobalSection
	GlobalSection(SolutionProperties) = preSolution
		HideSolutionNode = FALSE
	EndGlobalSection
	GlobalSection(ExtensibilityGlobals) = postSolution
		SolutionGuid = {FC0A0E9B-3961-4745-9CFA-79DFBECF207D}
	EndGlobalSection
EndGlobal
